
Microsoft Visual Studio Solution File, Format Version 12.00
# Visual Studio Version 17
VisualStudioVersion = 17.13.35931.197
MinimumVisualStudioVersion = 10.0.40219.1
Project("{FAE04EC0-301F-11D3-BF4B-00C04F79EFBC}") = "Practice1.Task1A", "Task.CSharpBase\Practice1.Task1A.csproj", "{984C7843-ADDA-49BA-A01D-773885192A95}"
EndProject
Project("{2150E333-8FDC-42A3-9474-1A3956D46DE8}") = "Practice1", "Practice1", "{36D591C7-65C7-A0D1-1CBC-10CDE441BDC8}"
EndProject
Project("{FAE04EC0-301F-11D3-BF4B-00C04F79EFBC}") = "Practice1.Task1B", "Task1B\Practice1.Task1B.csproj", "{747B286E-06CA-450A-810E-4C9796036B70}"
EndProject
Project("{FAE04EC0-301F-11D3-BF4B-00C04F79EFBC}") = "Practice1.Task2", "Task2\Practice1.Task2.csproj", "{142A347B-C199-42FE-9D6B-0EE393871B4F}"
EndProject
Project("{FAE04EC0-301F-11D3-BF4B-00C04F79EFBC}") = "Practice1.Task3", "Task3\Practice1.Task3.csproj", "{453436E9-1D91-4D2E-938D-5FE702BDEC61}"
EndProject
Project("{FAE04EC0-301F-11D3-BF4B-00C04F79EFBC}") = "Practice1.Task4", "Task4\Practice1.Task4.csproj", "{6CA2143B-511C-49BC-A240-90AF41809EDB}"
EndProject
Project("{FAE04EC0-301F-11D3-BF4B-00C04F79EFBC}") = "Practice1.Task5", "Task5\Practice1.Task5.csproj", "{D72EAD3E-D27F-4CDF-B2A4-D78CF67147FE}"
EndProject
Project("{FAE04EC0-301F-11D3-BF4B-00C04F79EFBC}") = "Practice1.Task6", "Task6\Practice1.Task6.csproj", "{4166098E-1BC6-44B8-AFAA-6B71B978EA5E}"
EndProject
Project("{FAE04EC0-301F-11D3-BF4B-00C04F79EFBC}") = "Practice1.Task7a", "Task7\Practice1.Task7a.csproj", "{1F43855C-CCF0-4DDE-9E30-08B1A8A14A48}"
EndProject
Project("{FAE04EC0-301F-11D3-BF4B-00C04F79EFBC}") = "Practice1.Task7b", "Task7b\Practice1.Task7b.csproj", "{7EC6ABD5-D2C5-48C9-959A-8698DC27FB91}"
EndProject
Project("{2150E333-8FDC-42A3-9474-1A3956D46DE8}") = "Practice2", "Practice2", "{39986F16-2BDD-452F-AD66-ADAFFDCE7B85}"
EndProject
Project("{FAE04EC0-301F-11D3-BF4B-00C04F79EFBC}") = "Practice2.Task1", "Practice2\Practice2.Task1\Practice2.Task1.csproj", "{0FC81EF6-20AB-499C-B0F0-F53CAFAC91F7}"
EndProject
Project("{FAE04EC0-301F-11D3-BF4B-00C04F79EFBC}") = "Practice2.Task2", "Practice2.Task2\Practice2.Task2.csproj", "{4E99A9CA-0681-4E80-AA18-F663AE97F9AF}"
EndProject
Project("{FAE04EC0-301F-11D3-BF4B-00C04F79EFBC}") = "Practice2.Task3", "Practice2.Task3\Practice2.Task3.csproj", "{132FC8DD-7497-4D0F-B370-B527963DDD7C}"
EndProject
Project("{FAE04EC0-301F-11D3-BF4B-00C04F79EFBC}") = "Practice2.Task4", "Practice2.Task4\Practice2.Task4.csproj", "{6FDCA314-35A8-4360-B7CF-D6F1C21E2FAD}"
EndProject
Project("{FAE04EC0-301F-11D3-BF4B-00C04F79EFBC}") = "Practice2.Task5", "Practice2.Task5\Practice2.Task5.csproj", "{66488545-E301-4A9A-9D8D-47E59810C2B6}"
EndProject
Global
	GlobalSection(SolutionConfigurationPlatforms) = preSolution
		CheckIn|Any CPU = CheckIn|Any CPU
		Debug|Any CPU = Debug|Any CPU
		Release|Any CPU = Release|Any CPU
	EndGlobalSection
	GlobalSection(ProjectConfigurationPlatforms) = postSolution
		{984C7843-ADDA-49BA-A01D-773885192A95}.CheckIn|Any CPU.ActiveCfg = CheckIn|Any CPU
		{984C7843-ADDA-49BA-A01D-773885192A95}.CheckIn|Any CPU.Build.0 = CheckIn|Any CPU
		{984C7843-ADDA-49BA-A01D-773885192A95}.Debug|Any CPU.ActiveCfg = Debug|Any CPU
		{984C7843-ADDA-49BA-A01D-773885192A95}.Debug|Any CPU.Build.0 = Debug|Any CPU
		{984C7843-ADDA-49BA-A01D-773885192A95}.Release|Any CPU.ActiveCfg = Release|Any CPU
		{984C7843-ADDA-49BA-A01D-773885192A95}.Release|Any CPU.Build.0 = Release|Any CPU
		{747B286E-06CA-450A-810E-4C9796036B70}.CheckIn|Any CPU.ActiveCfg = CheckIn|Any CPU
		{747B286E-06CA-450A-810E-4C9796036B70}.CheckIn|Any CPU.Build.0 = CheckIn|Any CPU
		{747B286E-06CA-450A-810E-4C9796036B70}.Debug|Any CPU.ActiveCfg = Debug|Any CPU
		{747B286E-06CA-450A-810E-4C9796036B70}.Debug|Any CPU.Build.0 = Debug|Any CPU
		{747B286E-06CA-450A-810E-4C9796036B70}.Release|Any CPU.ActiveCfg = Release|Any CPU
		{747B286E-06CA-450A-810E-4C9796036B70}.Release|Any CPU.Build.0 = Release|Any CPU
		{142A347B-C199-42FE-9D6B-0EE393871B4F}.CheckIn|Any CPU.ActiveCfg = Release|Any CPU
		{142A347B-C199-42FE-9D6B-0EE393871B4F}.CheckIn|Any CPU.Build.0 = Release|Any CPU
		{142A347B-C199-42FE-9D6B-0EE393871B4F}.Debug|Any CPU.ActiveCfg = Debug|Any CPU
		{142A347B-C199-42FE-9D6B-0EE393871B4F}.Debug|Any CPU.Build.0 = Debug|Any CPU
		{142A347B-C199-42FE-9D6B-0EE393871B4F}.Release|Any CPU.ActiveCfg = Release|Any CPU
		{142A347B-C199-42FE-9D6B-0EE393871B4F}.Release|Any CPU.Build.0 = Release|Any CPU
		{453436E9-1D91-4D2E-938D-5FE702BDEC61}.CheckIn|Any CPU.ActiveCfg = Release|Any CPU
		{453436E9-1D91-4D2E-938D-5FE702BDEC61}.CheckIn|Any CPU.Build.0 = Release|Any CPU
		{453436E9-1D91-4D2E-938D-5FE702BDEC61}.Debug|Any CPU.ActiveCfg = Debug|Any CPU
		{453436E9-1D91-4D2E-938D-5FE702BDEC61}.Debug|Any CPU.Build.0 = Debug|Any CPU
		{453436E9-1D91-4D2E-938D-5FE702BDEC61}.Release|Any CPU.ActiveCfg = Release|Any CPU
		{453436E9-1D91-4D2E-938D-5FE702BDEC61}.Release|Any CPU.Build.0 = Release|Any CPU
		{6CA2143B-511C-49BC-A240-90AF41809EDB}.CheckIn|Any CPU.ActiveCfg = Release|Any CPU
		{6CA2143B-511C-49BC-A240-90AF41809EDB}.CheckIn|Any CPU.Build.0 = Release|Any CPU
		{6CA2143B-511C-49BC-A240-90AF41809EDB}.Debug|Any CPU.ActiveCfg = Debug|Any CPU
		{6CA2143B-511C-49BC-A240-90AF41809EDB}.Debug|Any CPU.Build.0 = Debug|Any CPU
		{6CA2143B-511C-49BC-A240-90AF41809EDB}.Release|Any CPU.ActiveCfg = Release|Any CPU
		{6CA2143B-511C-49BC-A240-90AF41809EDB}.Release|Any CPU.Build.0 = Release|Any CPU
		{D72EAD3E-D27F-4CDF-B2A4-D78CF67147FE}.CheckIn|Any CPU.ActiveCfg = Release|Any CPU
		{D72EAD3E-D27F-4CDF-B2A4-D78CF67147FE}.CheckIn|Any CPU.Build.0 = Release|Any CPU
		{D72EAD3E-D27F-4CDF-B2A4-D78CF67147FE}.Debug|Any CPU.ActiveCfg = Debug|Any CPU
		{D72EAD3E-D27F-4CDF-B2A4-D78CF67147FE}.Debug|Any CPU.Build.0 = Debug|Any CPU
		{D72EAD3E-D27F-4CDF-B2A4-D78CF67147FE}.Release|Any CPU.ActiveCfg = Release|Any CPU
		{D72EAD3E-D27F-4CDF-B2A4-D78CF67147FE}.Release|Any CPU.Build.0 = Release|Any CPU
		{4166098E-1BC6-44B8-AFAA-6B71B978EA5E}.CheckIn|Any CPU.ActiveCfg = Release|Any CPU
		{4166098E-1BC6-44B8-AFAA-6B71B978EA5E}.CheckIn|Any CPU.Build.0 = Release|Any CPU
		{4166098E-1BC6-44B8-AFAA-6B71B978EA5E}.Debug|Any CPU.ActiveCfg = Debug|Any CPU
		{4166098E-1BC6-44B8-AFAA-6B71B978EA5E}.Debug|Any CPU.Build.0 = Debug|Any CPU
		{4166098E-1BC6-44B8-AFAA-6B71B978EA5E}.Release|Any CPU.ActiveCfg = Release|Any CPU
		{4166098E-1BC6-44B8-AFAA-6B71B978EA5E}.Release|Any CPU.Build.0 = Release|Any CPU
		{1F43855C-CCF0-4DDE-9E30-08B1A8A14A48}.CheckIn|Any CPU.ActiveCfg = Release|Any CPU
		{1F43855C-CCF0-4DDE-9E30-08B1A8A14A48}.CheckIn|Any CPU.Build.0 = Release|Any CPU
		{1F43855C-CCF0-4DDE-9E30-08B1A8A14A48}.Debug|Any CPU.ActiveCfg = Debug|Any CPU
		{1F43855C-CCF0-4DDE-9E30-08B1A8A14A48}.Debug|Any CPU.Build.0 = Debug|Any CPU
		{1F43855C-CCF0-4DDE-9E30-08B1A8A14A48}.Release|Any CPU.ActiveCfg = Release|Any CPU
		{1F43855C-CCF0-4DDE-9E30-08B1A8A14A48}.Release|Any CPU.Build.0 = Release|Any CPU
		{7EC6ABD5-D2C5-48C9-959A-8698DC27FB91}.CheckIn|Any CPU.ActiveCfg = Release|Any CPU
		{7EC6ABD5-D2C5-48C9-959A-8698DC27FB91}.CheckIn|Any CPU.Build.0 = Release|Any CPU
		{7EC6ABD5-D2C5-48C9-959A-8698DC27FB91}.Debug|Any CPU.ActiveCfg = Debug|Any CPU
		{7EC6ABD5-D2C5-48C9-959A-8698DC27FB91}.Debug|Any CPU.Build.0 = Debug|Any CPU
		{7EC6ABD5-D2C5-48C9-959A-8698DC27FB91}.Release|Any CPU.ActiveCfg = Release|Any CPU
		{7EC6ABD5-D2C5-48C9-959A-8698DC27FB91}.Release|Any CPU.Build.0 = Release|Any CPU
		{0FC81EF6-20AB-499C-B0F0-F53CAFAC91F7}.CheckIn|Any CPU.ActiveCfg = Release|Any CPU
		{0FC81EF6-20AB-499C-B0F0-F53CAFAC91F7}.CheckIn|Any CPU.Build.0 = Release|Any CPU
		{0FC81EF6-20AB-499C-B0F0-F53CAFAC91F7}.Debug|Any CPU.ActiveCfg = Debug|Any CPU
		{0FC81EF6-20AB-499C-B0F0-F53CAFAC91F7}.Debug|Any CPU.Build.0 = Debug|Any CPU
		{0FC81EF6-20AB-499C-B0F0-F53CAFAC91F7}.Release|Any CPU.ActiveCfg = Release|Any CPU
		{0FC81EF6-20AB-499C-B0F0-F53CAFAC91F7}.Release|Any CPU.Build.0 = Release|Any CPU
		{4E99A9CA-0681-4E80-AA18-F663AE97F9AF}.CheckIn|Any CPU.ActiveCfg = Release|Any CPU
		{4E99A9CA-0681-4E80-AA18-F663AE97F9AF}.CheckIn|Any CPU.Build.0 = Release|Any CPU
		{4E99A9CA-0681-4E80-AA18-F663AE97F9AF}.Debug|Any CPU.ActiveCfg = Debug|Any CPU
		{4E99A9CA-0681-4E80-AA18-F663AE97F9AF}.Debug|Any CPU.Build.0 = Debug|Any CPU
		{4E99A9CA-0681-4E80-AA18-F663AE97F9AF}.Release|Any CPU.ActiveCfg = Release|Any CPU
		{4E99A9CA-0681-4E80-AA18-F663AE97F9AF}.Release|Any CPU.Build.0 = Release|Any CPU
		{132FC8DD-7497-4D0F-B370-B527963DDD7C}.CheckIn|Any CPU.ActiveCfg = Release|Any CPU
		{132FC8DD-7497-4D0F-B370-B527963DDD7C}.CheckIn|Any CPU.Build.0 = Release|Any CPU
		{132FC8DD-7497-4D0F-B370-B527963DDD7C}.Debug|Any CPU.ActiveCfg = Debug|Any CPU
		{132FC8DD-7497-4D0F-B370-B527963DDD7C}.Debug|Any CPU.Build.0 = Debug|Any CPU
		{132FC8DD-7497-4D0F-B370-B527963DDD7C}.Release|Any CPU.ActiveCfg = Release|Any CPU
		{132FC8DD-7497-4D0F-B370-B527963DDD7C}.Release|Any CPU.Build.0 = Release|Any CPU
		{6FDCA314-35A8-4360-B7CF-D6F1C21E2FAD}.CheckIn|Any CPU.ActiveCfg = Release|Any CPU
		{6FDCA314-35A8-4360-B7CF-D6F1C21E2FAD}.CheckIn|Any CPU.Build.0 = Release|Any CPU
		{6FDCA314-35A8-4360-B7CF-D6F1C21E2FAD}.Debug|Any CPU.ActiveCfg = Debug|Any CPU
		{6FDCA314-35A8-4360-B7CF-D6F1C21E2FAD}.Debug|Any CPU.Build.0 = Debug|Any CPU
		{6FDCA314-35A8-4360-B7CF-D6F1C21E2FAD}.Release|Any CPU.ActiveCfg = Release|Any CPU
		{6FDCA314-35A8-4360-B7CF-D6F1C21E2FAD}.Release|Any CPU.Build.0 = Release|Any CPU
		{66488545-E301-4A9A-9D8D-47E59810C2B6}.CheckIn|Any CPU.ActiveCfg = Release|Any CPU
		{66488545-E301-4A9A-9D8D-47E59810C2B6}.CheckIn|Any CPU.Build.0 = Release|Any CPU
		{66488545-E301-4A9A-9D8D-47E59810C2B6}.Debug|Any CPU.ActiveCfg = Debug|Any CPU
		{66488545-E301-4A9A-9D8D-47E59810C2B6}.Debug|Any CPU.Build.0 = Debug|Any CPU
		{66488545-E301-4A9A-9D8D-47E59810C2B6}.Release|Any CPU.ActiveCfg = Release|Any CPU
		{66488545-E301-4A9A-9D8D-47E59810C2B6}.Release|Any CPU.Build.0 = Release|Any CPU
	EndGlobalSection
	GlobalSection(SolutionProperties) = preSolution
		HideSolutionNode = FALSE
	EndGlobalSection
	GlobalSection(NestedProjects) = preSolution
		{984C7843-ADDA-49BA-A01D-773885192A95} = {36D591C7-65C7-A0D1-1CBC-10CDE441BDC8}
		{747B286E-06CA-450A-810E-4C9796036B70} = {36D591C7-65C7-A0D1-1CBC-10CDE441BDC8}
		{142A347B-C199-42FE-9D6B-0EE393871B4F} = {36D591C7-65C7-A0D1-1CBC-10CDE441BDC8}
		{453436E9-1D91-4D2E-938D-5FE702BDEC61} = {36D591C7-65C7-A0D1-1CBC-10CDE441BDC8}
		{6CA2143B-511C-49BC-A240-90AF41809EDB} = {36D591C7-65C7-A0D1-1CBC-10CDE441BDC8}
		{D72EAD3E-D27F-4CDF-B2A4-D78CF67147FE} = {36D591C7-65C7-A0D1-1CBC-10CDE441BDC8}
		{4166098E-1BC6-44B8-AFAA-6B71B978EA5E} = {36D591C7-65C7-A0D1-1CBC-10CDE441BDC8}
		{1F43855C-CCF0-4DDE-9E30-08B1A8A14A48} = {36D591C7-65C7-A0D1-1CBC-10CDE441BDC8}
		{7EC6ABD5-D2C5-48C9-959A-8698DC27FB91} = {36D591C7-65C7-A0D1-1CBC-10CDE441BDC8}
		{0FC81EF6-20AB-499C-B0F0-F53CAFAC91F7} = {39986F16-2BDD-452F-AD66-ADAFFDCE7B85}
		{4E99A9CA-0681-4E80-AA18-F663AE97F9AF} = {39986F16-2BDD-452F-AD66-ADAFFDCE7B85}
		{132FC8DD-7497-4D0F-B370-B527963DDD7C} = {39986F16-2BDD-452F-AD66-ADAFFDCE7B85}
		{6FDCA314-35A8-4360-B7CF-D6F1C21E2FAD} = {39986F16-2BDD-452F-AD66-ADAFFDCE7B85}
		{66488545-E301-4A9A-9D8D-47E59810C2B6} = {39986F16-2BDD-452F-AD66-ADAFFDCE7B85}
	EndGlobalSection
	GlobalSection(ExtensibilityGlobals) = postSolution
		SolutionGuid = {2ACCA69C-302A-433E-9ED7-7C11F7244CB9}
	EndGlobalSection
EndGlobal
